
Microsoft Visual Studio Solution File, Format Version 12.00
# Visual Studio 15
VisualStudioVersion = 15.0.28307.329
MinimumVisualStudioVersion = 10.0.40219.1
Project("{FAE04EC0-301F-11D3-BF4B-00C04F79EFBC}") = "TesteConsoleApp", "TesteConsoleApp\TesteConsoleApp.csproj", "{561A39AC-5DB9-49AF-BC27-B1961F52AA43}"
EndProject
Global
	GlobalSection(SolutionConfigurationPlatforms) = preSolution
		Debug|Any CPU = Debug|Any CPU
		Release|Any CPU = Release|Any CPU
	EndGlobalSection
	GlobalSection(ProjectConfigurationPlatforms) = postSolution
		{561A39AC-5DB9-49AF-BC27-B1961F52AA43}.Debug|Any CPU.ActiveCfg = Debug|Any CPU
		{561A39AC-5DB9-49AF-BC27-B1961F52AA43}.Debug|Any CPU.Build.0 = Debug|Any CPU
		{561A39AC-5DB9-49AF-BC27-B1961F52AA43}.Release|Any CPU.ActiveCfg = Release|Any CPU
		{561A39AC-5DB9-49AF-BC27-B1961F52AA43}.Release|Any CPU.Build.0 = Release|Any CPU
	EndGlobalSection
	GlobalSection(SolutionProperties) = preSolution
		HideSolutionNode = FALSE
	EndGlobalSection
	GlobalSection(ExtensibilityGlobals) = postSolution
		SolutionGuid = {B6137FCE-AB8C-4D1E-B082-CDE51119F95E}
	EndGlobalSection
EndGlobal
